
Microsoft Visual Studio Solution File, Format Version 12.00
# Visual Studio 15
VisualStudioVersion = 15.0.27703.2026
MinimumVisualStudioVersion = 10.0.40219.1
Project("{FAE04EC0-301F-11D3-BF4B-00C04F79EFBC}") = "my-first-project", "my-first-project\my-first-project.csproj", "{C9ED68DA-3199-4062-AE95-C1BF7D09C443}"
EndProject
Global
	GlobalSection(SolutionConfigurationPlatforms) = preSolution
		Debug|Any CPU = Debug|Any CPU
		Release|Any CPU = Release|Any CPU
	EndGlobalSection
	GlobalSection(ProjectConfigurationPlatforms) = postSolution
		{C9ED68DA-3199-4062-AE95-C1BF7D09C443}.Debug|Any CPU.ActiveCfg = Debug|Any CPU
		{C9ED68DA-3199-4062-AE95-C1BF7D09C443}.Debug|Any CPU.Build.0 = Debug|Any CPU
		{C9ED68DA-3199-4062-AE95-C1BF7D09C443}.Release|Any CPU.ActiveCfg = Release|Any CPU
		{C9ED68DA-3199-4062-AE95-C1BF7D09C443}.Release|Any CPU.Build.0 = Release|Any CPU
	EndGlobalSection
	GlobalSection(SolutionProperties) = preSolution
		HideSolutionNode = FALSE
	EndGlobalSection
	GlobalSection(ExtensibilityGlobals) = postSolution
		SolutionGuid = {79D9E6A3-8BB5-4D0B-954D-2E167C6DC616}
	EndGlobalSection
EndGlobal
